
Microsoft Visual Studio Solution File, Format Version 12.00
# Visual Studio Version 16
VisualStudioVersion = 25.0.1705.2
MinimumVisualStudioVersion = 10.0.40219.1
Project("{FAE04EC0-301F-11D3-BF4B-00C04F79EFBC}") = "Main", "Main\Main.csproj", "{CA2AB0F4-137F-4A0D-805E-22B07B3592B1}"
EndProject
Project("{FAE04EC0-301F-11D3-BF4B-00C04F79EFBC}") = "MainTests", "MainTests\MainTests.csproj", "{A10F3C85-028D-4204-9436-F98EFAFCCD11}"
EndProject
Global
	GlobalSection(SolutionConfigurationPlatforms) = preSolution
		Debug|Any CPU = Debug|Any CPU
		Release|Any CPU = Release|Any CPU
	EndGlobalSection
	GlobalSection(ProjectConfigurationPlatforms) = postSolution
		{CA2AB0F4-137F-4A0D-805E-22B07B3592B1}.Debug|Any CPU.ActiveCfg = Debug|Any CPU
		{CA2AB0F4-137F-4A0D-805E-22B07B3592B1}.Debug|Any CPU.Build.0 = Debug|Any CPU
		{CA2AB0F4-137F-4A0D-805E-22B07B3592B1}.Release|Any CPU.ActiveCfg = Release|Any CPU
		{CA2AB0F4-137F-4A0D-805E-22B07B3592B1}.Release|Any CPU.Build.0 = Release|Any CPU
		{A10F3C85-028D-4204-9436-F98EFAFCCD11}.Debug|Any CPU.ActiveCfg = Debug|Any CPU
		{A10F3C85-028D-4204-9436-F98EFAFCCD11}.Debug|Any CPU.Build.0 = Debug|Any CPU
		{A10F3C85-028D-4204-9436-F98EFAFCCD11}.Release|Any CPU.ActiveCfg = Release|Any CPU
		{A10F3C85-028D-4204-9436-F98EFAFCCD11}.Release|Any CPU.Build.0 = Release|Any CPU
	EndGlobalSection
	GlobalSection(SolutionProperties) = preSolution
		HideSolutionNode = FALSE
	EndGlobalSection
	GlobalSection(ExtensibilityGlobals) = postSolution
		SolutionGuid = {88227292-D5A4-4C0C-95D4-5F04E90C5235}
	EndGlobalSection
EndGlobal
